// !$*UTF8*$!
{
	archiveVersion = 1;
	classes = {
	};
	objectVersion = 46;
	objects = {

/* Begin PBXBuildFile section */
		DD02C1601BFAB83A0030AFBC /* BaseViewController.swift in Sources */ = {isa = PBXBuildFile; fileRef = DD02C15F1BFAB83A0030AFBC /* BaseViewController.swift */; };
		DD47AF2F1BFD5C1D00EAC1ED /* NetworkKit.swift in Sources */ = {isa = PBXBuildFile; fileRef = DD47AF2E1BFD5C1D00EAC1ED /* NetworkKit.swift */; };
		DD47AF311BFD5CF900EAC1ED /* Reach.swift in Sources */ = {isa = PBXBuildFile; fileRef = DD47AF301BFD5CF900EAC1ED /* Reach.swift */; };
		DD5A97221BFDA4A300F8027C /* DGElasticPullToRefreshConstants.swift in Sources */ = {isa = PBXBuildFile; fileRef = DD5A971D1BFDA4A300F8027C /* DGElasticPullToRefreshConstants.swift */; };
		DD5A97231BFDA4A300F8027C /* DGElasticPullToRefreshExtensions.swift in Sources */ = {isa = PBXBuildFile; fileRef = DD5A971E1BFDA4A300F8027C /* DGElasticPullToRefreshExtensions.swift */; };
		DD5A97241BFDA4A300F8027C /* DGElasticPullToRefreshLoadingView.swift in Sources */ = {isa = PBXBuildFile; fileRef = DD5A971F1BFDA4A300F8027C /* DGElasticPullToRefreshLoadingView.swift */; };
		DD5A97251BFDA4A300F8027C /* DGElasticPullToRefreshLoadingViewCircle.swift in Sources */ = {isa = PBXBuildFile; fileRef = DD5A97201BFDA4A300F8027C /* DGElasticPullToRefreshLoadingViewCircle.swift */; };
		DD5A97261BFDA4A300F8027C /* DGElasticPullToRefreshView.swift in Sources */ = {isa = PBXBuildFile; fileRef = DD5A97211BFDA4A300F8027C /* DGElasticPullToRefreshView.swift */; };
		DD5A973D1BFDBC5100F8027C /* Assets.xcassets in Resources */ = {isa = PBXBuildFile; fileRef = DD5A973C1BFDBC5100F8027C /* Assets.xcassets */; };
		DD62D6671C043243009B2CFC /* LikeButton.swift in Sources */ = {isa = PBXBuildFile; fileRef = DD62D6661C043243009B2CFC /* LikeButton.swift */; };
		DD78A0681BFC146B002615F8 /* LaunchVC.swift in Sources */ = {isa = PBXBuildFile; fileRef = DD78A0661BFC146B002615F8 /* LaunchVC.swift */; };
		DD78A06C1BFC630C002615F8 /* Utils.swift in Sources */ = {isa = PBXBuildFile; fileRef = DD78A06B1BFC630C002615F8 /* Utils.swift */; };
		DD78A0701BFC6EA9002615F8 /* GlobalDefinition.swift in Sources */ = {isa = PBXBuildFile; fileRef = DD78A06F1BFC6EA9002615F8 /* GlobalDefinition.swift */; };
		DD78A0721BFC7294002615F8 /* ArticleListModel.swift in Sources */ = {isa = PBXBuildFile; fileRef = DD78A0711BFC7294002615F8 /* ArticleListModel.swift */; };
		DD78A0751BFC8354002615F8 /* StoryListCell.swift in Sources */ = {isa = PBXBuildFile; fileRef = DD78A0741BFC8354002615F8 /* StoryListCell.swift */; };
		DD78D7051BFCD6C700C73A19 /* CacheManager.swift in Sources */ = {isa = PBXBuildFile; fileRef = DD78D7041BFCD6C700C73A19 /* CacheManager.swift */; };
		DDBE3BEE1BF9ABD000AC3C99 /* AppDelegate.swift in Sources */ = {isa = PBXBuildFile; fileRef = DDBE3BED1BF9ABD000AC3C99 /* AppDelegate.swift */; };
		DDBE3BF51BF9ABD000AC3C99 /* Main.storyboard in Resources */ = {isa = PBXBuildFile; fileRef = DDBE3BF31BF9ABD000AC3C99 /* Main.storyboard */; };
		DDBE3BFA1BF9ABD000AC3C99 /* LaunchScreen.storyboard in Resources */ = {isa = PBXBuildFile; fileRef = DDBE3BF81BF9ABD000AC3C99 /* LaunchScreen.storyboard */; };
		DDBE3C041BF9B32A00AC3C99 /* MainVC.swift in Sources */ = {isa = PBXBuildFile; fileRef = DDBE3C031BF9B32A00AC3C99 /* MainVC.swift */; };
		DDC389321C155EF100F8F520 /* StoryListModel.swift in Sources */ = {isa = PBXBuildFile; fileRef = DDC389311C155EF100F8F520 /* StoryListModel.swift */; };
		DDCFE95A1C03126B00222212 /* Reveal.framework in Frameworks */ = {isa = PBXBuildFile; fileRef = DDCFE9591C03126B00222212 /* Reveal.framework */; };
		DDE817181C02E7A700CADF77 /* StoryDetailVC.swift in Sources */ = {isa = PBXBuildFile; fileRef = DDE817161C02E7A700CADF77 /* StoryDetailVC.swift */; };
		DDE817191C02E7A700CADF77 /* StoryDetailVC.xib in Resources */ = {isa = PBXBuildFile; fileRef = DDE817171C02E7A700CADF77 /* StoryDetailVC.xib */; };
		DDE8171B1C02E89E00CADF77 /* StoryModel.swift in Sources */ = {isa = PBXBuildFile; fileRef = DDE8171A1C02E89E00CADF77 /* StoryModel.swift */; };
		EE513F94E717D036DED495B8 /* Pods_RingChat.framework in Frameworks */ = {isa = PBXBuildFile; fileRef = B5B7AC75850533398454D33B /* Pods_RingChat.framework */; };
/* End PBXBuildFile section */

/* Begin PBXFileReference section */
		AF3480D178EF4BA00248703D /* Pods-RingChat.release.xcconfig */ = {isa = PBXFileReference; includeInIndex = 1; lastKnownFileType = text.xcconfig; name = "Pods-RingChat.release.xcconfig"; path = "Pods/Target Support Files/Pods-RingChat/Pods-RingChat.release.xcconfig"; sourceTree = "<group>"; };
		B5B7AC75850533398454D33B /* Pods_RingChat.framework */ = {isa = PBXFileReference; explicitFileType = wrapper.framework; includeInIndex = 0; path = Pods_RingChat.framework; sourceTree = BUILT_PRODUCTS_DIR; };
		D673371844D8CEFEF8B04D6A /* Pods-RingChat.debug.xcconfig */ = {isa = PBXFileReference; includeInIndex = 1; lastKnownFileType = text.xcconfig; name = "Pods-RingChat.debug.xcconfig"; path = "Pods/Target Support Files/Pods-RingChat/Pods-RingChat.debug.xcconfig"; sourceTree = "<group>"; };
		DD02C15F1BFAB83A0030AFBC /* BaseViewController.swift */ = {isa = PBXFileReference; fileEncoding = 4; lastKnownFileType = sourcecode.swift; path = BaseViewController.swift; sourceTree = "<group>"; };
		DD47AF2E1BFD5C1D00EAC1ED /* NetworkKit.swift */ = {isa = PBXFileReference; fileEncoding = 4; lastKnownFileType = sourcecode.swift; path = NetworkKit.swift; sourceTree = "<group>"; };
		DD47AF301BFD5CF900EAC1ED /* Reach.swift */ = {isa = PBXFileReference; fileEncoding = 4; lastKnownFileType = sourcecode.swift; path = Reach.swift; sourceTree = "<group>"; };
		DD5A971D1BFDA4A300F8027C /* DGElasticPullToRefreshConstants.swift */ = {isa = PBXFileReference; fileEncoding = 4; lastKnownFileType = sourcecode.swift; path = DGElasticPullToRefreshConstants.swift; sourceTree = "<group>"; };
		DD5A971E1BFDA4A300F8027C /* DGElasticPullToRefreshExtensions.swift */ = {isa = PBXFileReference; fileEncoding = 4; lastKnownFileType = sourcecode.swift; path = DGElasticPullToRefreshExtensions.swift; sourceTree = "<group>"; };
		DD5A971F1BFDA4A300F8027C /* DGElasticPullToRefreshLoadingView.swift */ = {isa = PBXFileReference; fileEncoding = 4; lastKnownFileType = sourcecode.swift; path = DGElasticPullToRefreshLoadingView.swift; sourceTree = "<group>"; };
		DD5A97201BFDA4A300F8027C /* DGElasticPullToRefreshLoadingViewCircle.swift */ = {isa = PBXFileReference; fileEncoding = 4; lastKnownFileType = sourcecode.swift; path = DGElasticPullToRefreshLoadingViewCircle.swift; sourceTree = "<group>"; };
		DD5A97211BFDA4A300F8027C /* DGElasticPullToRefreshView.swift */ = {isa = PBXFileReference; fileEncoding = 4; lastKnownFileType = sourcecode.swift; path = DGElasticPullToRefreshView.swift; sourceTree = "<group>"; };
		DD5A973C1BFDBC5100F8027C /* Assets.xcassets */ = {isa = PBXFileReference; lastKnownFileType = folder.assetcatalog; name = Assets.xcassets; path = RingChat/Assets.xcassets; sourceTree = "<group>"; };
		DD62D6661C043243009B2CFC /* LikeButton.swift */ = {isa = PBXFileReference; fileEncoding = 4; lastKnownFileType = sourcecode.swift; path = LikeButton.swift; sourceTree = "<group>"; };
		DD78A0661BFC146B002615F8 /* LaunchVC.swift */ = {isa = PBXFileReference; fileEncoding = 4; lastKnownFileType = sourcecode.swift; path = LaunchVC.swift; sourceTree = "<group>"; };
		DD78A06B1BFC630C002615F8 /* Utils.swift */ = {isa = PBXFileReference; fileEncoding = 4; lastKnownFileType = sourcecode.swift; path = Utils.swift; sourceTree = "<group>"; };
		DD78A06F1BFC6EA9002615F8 /* GlobalDefinition.swift */ = {isa = PBXFileReference; fileEncoding = 4; lastKnownFileType = sourcecode.swift; path = GlobalDefinition.swift; sourceTree = "<group>"; };
		DD78A0711BFC7294002615F8 /* ArticleListModel.swift */ = {isa = PBXFileReference; fileEncoding = 4; lastKnownFileType = sourcecode.swift; path = ArticleListModel.swift; sourceTree = "<group>"; };
		DD78A0741BFC8354002615F8 /* StoryListCell.swift */ = {isa = PBXFileReference; fileEncoding = 4; lastKnownFileType = sourcecode.swift; path = StoryListCell.swift; sourceTree = "<group>"; };
		DD78D7041BFCD6C700C73A19 /* CacheManager.swift */ = {isa = PBXFileReference; fileEncoding = 4; lastKnownFileType = sourcecode.swift; path = CacheManager.swift; sourceTree = "<group>"; };
		DDBE3BEA1BF9ABD000AC3C99 /* RingChat.app */ = {isa = PBXFileReference; explicitFileType = wrapper.application; includeInIndex = 0; path = RingChat.app; sourceTree = BUILT_PRODUCTS_DIR; };
		DDBE3BED1BF9ABD000AC3C99 /* AppDelegate.swift */ = {isa = PBXFileReference; lastKnownFileType = sourcecode.swift; path = AppDelegate.swift; sourceTree = "<group>"; };
		DDBE3BF41BF9ABD000AC3C99 /* Base */ = {isa = PBXFileReference; lastKnownFileType = file.storyboard; name = Base; path = Base.lproj/Main.storyboard; sourceTree = "<group>"; };
		DDBE3BF91BF9ABD000AC3C99 /* Base */ = {isa = PBXFileReference; lastKnownFileType = file.storyboard; name = Base; path = Base.lproj/LaunchScreen.storyboard; sourceTree = "<group>"; };
		DDBE3BFB1BF9ABD000AC3C99 /* Info.plist */ = {isa = PBXFileReference; lastKnownFileType = text.plist.xml; path = Info.plist; sourceTree = "<group>"; };
		DDBE3C031BF9B32A00AC3C99 /* MainVC.swift */ = {isa = PBXFileReference; fileEncoding = 4; lastKnownFileType = sourcecode.swift; name = MainVC.swift; path = ../MainVC.swift; sourceTree = "<group>"; };
		DDBE3C081BF9B51300AC3C99 /* RingChat-Bridging-Header.h */ = {isa = PBXFileReference; lastKnownFileType = sourcecode.c.h; path = "RingChat-Bridging-Header.h"; sourceTree = "<group>"; };
		DDC389311C155EF100F8F520 /* StoryListModel.swift */ = {isa = PBXFileReference; fileEncoding = 4; lastKnownFileType = sourcecode.swift; path = StoryListModel.swift; sourceTree = "<group>"; };
		DDCFE9591C03126B00222212 /* Reveal.framework */ = {isa = PBXFileReference; lastKnownFileType = wrapper.framework; path = Reveal.framework; sourceTree = "<group>"; };
		DDD77B261BF9E516000D5CE2 /* zh-Hans */ = {isa = PBXFileReference; lastKnownFileType = text.plist.strings; name = "zh-Hans"; path = "zh-Hans.lproj/Main.strings"; sourceTree = "<group>"; };
		DDD77B271BF9E516000D5CE2 /* zh-Hans */ = {isa = PBXFileReference; lastKnownFileType = text.plist.strings; name = "zh-Hans"; path = "zh-Hans.lproj/LaunchScreen.strings"; sourceTree = "<group>"; };
		DDE817161C02E7A700CADF77 /* StoryDetailVC.swift */ = {isa = PBXFileReference; fileEncoding = 4; lastKnownFileType = sourcecode.swift; path = StoryDetailVC.swift; sourceTree = "<group>"; };
		DDE817171C02E7A700CADF77 /* StoryDetailVC.xib */ = {isa = PBXFileReference; fileEncoding = 4; lastKnownFileType = file.xib; path = StoryDetailVC.xib; sourceTree = "<group>"; };
		DDE8171A1C02E89E00CADF77 /* StoryModel.swift */ = {isa = PBXFileReference; fileEncoding = 4; lastKnownFileType = sourcecode.swift; path = StoryModel.swift; sourceTree = "<group>"; };
/* End PBXFileReference section */

/* Begin PBXFrameworksBuildPhase section */
		DDBE3BE71BF9ABD000AC3C99 /* Frameworks */ = {
			isa = PBXFrameworksBuildPhase;
			buildActionMask = 2147483647;
			files = (
				EE513F94E717D036DED495B8 /* Pods_RingChat.framework in Frameworks */,
				DDCFE95A1C03126B00222212 /* Reveal.framework in Frameworks */,
			);
			runOnlyForDeploymentPostprocessing = 0;
		};
/* End PBXFrameworksBuildPhase section */

/* Begin PBXGroup section */
		C069285296651476B39B417D /* Pods */ = {
			isa = PBXGroup;
			children = (
				D673371844D8CEFEF8B04D6A /* Pods-RingChat.debug.xcconfig */,
				AF3480D178EF4BA00248703D /* Pods-RingChat.release.xcconfig */,
			);
			name = Pods;
			sourceTree = "<group>";
		};
		DD02C15D1BFAB75B0030AFBC /* Common */ = {
			isa = PBXGroup;
			children = (
				DD47AF2D1BFD5BFD00EAC1ED /* Network */,
				DD78A06A1BFC62F1002615F8 /* Utils */,
				DD02C15E1BFAB7740030AFBC /* Base */,
			);
			path = Common;
			sourceTree = "<group>";
		};
		DD02C15E1BFAB7740030AFBC /* Base */ = {
			isa = PBXGroup;
			children = (
				DD62D6651C043214009B2CFC /* LikeButton */,
				DD02C15F1BFAB83A0030AFBC /* BaseViewController.swift */,
			);
			name = Base;
			path = Control;
			sourceTree = "<group>";
		};
		DD47AF2D1BFD5BFD00EAC1ED /* Network */ = {
			isa = PBXGroup;
			children = (
				DD47AF301BFD5CF900EAC1ED /* Reach.swift */,
				DD47AF2E1BFD5C1D00EAC1ED /* NetworkKit.swift */,
			);
			path = Network;
			sourceTree = "<group>";
		};
		DD5A971B1BFDA3FF00F8027C /* OpenSource */ = {
			isa = PBXGroup;
			children = (
				DD5A971C1BFDA4A300F8027C /* DGElasticPullToRefresh */,
			);
			path = OpenSource;
			sourceTree = "<group>";
		};
		DD5A971C1BFDA4A300F8027C /* DGElasticPullToRefresh */ = {
			isa = PBXGroup;
			children = (
				DD5A971D1BFDA4A300F8027C /* DGElasticPullToRefreshConstants.swift */,
				DD5A971E1BFDA4A300F8027C /* DGElasticPullToRefreshExtensions.swift */,
				DD5A971F1BFDA4A300F8027C /* DGElasticPullToRefreshLoadingView.swift */,
				DD5A97201BFDA4A300F8027C /* DGElasticPullToRefreshLoadingViewCircle.swift */,
				DD5A97211BFDA4A300F8027C /* DGElasticPullToRefreshView.swift */,
			);
			path = DGElasticPullToRefresh;
			sourceTree = "<group>";
		};
		DD62D6651C043214009B2CFC /* LikeButton */ = {
			isa = PBXGroup;
			children = (
				DD62D6661C043243009B2CFC /* LikeButton.swift */,
			);
			path = LikeButton;
			sourceTree = "<group>";
		};
		DD78A0651BFC13F1002615F8 /* LaunchVC */ = {
			isa = PBXGroup;
			children = (
				DD78A0661BFC146B002615F8 /* LaunchVC.swift */,
			);
			path = LaunchVC;
			sourceTree = "<group>";
		};
		DD78A06A1BFC62F1002615F8 /* Utils */ = {
			isa = PBXGroup;
			children = (
				DD78A06B1BFC630C002615F8 /* Utils.swift */,
				DD78D7041BFCD6C700C73A19 /* CacheManager.swift */,
			);
			path = Utils;
			sourceTree = "<group>";
		};
		DD78A0731BFC8317002615F8 /* StoryListVC */ = {
			isa = PBXGroup;
			children = (
				DDBE3C031BF9B32A00AC3C99 /* MainVC.swift */,
				DD78A0741BFC8354002615F8 /* StoryListCell.swift */,
			);
			path = StoryListVC;
			sourceTree = "<group>";
		};
		DDBE3BE11BF9ABD000AC3C99 = {
			isa = PBXGroup;
			children = (
				DDBE3BEC1BF9ABD000AC3C99 /* RingChat */,
				DD5A973C1BFDBC5100F8027C /* Assets.xcassets */,
				DDBE3BEB1BF9ABD000AC3C99 /* Products */,
				C069285296651476B39B417D /* Pods */,
				F9C0FC15F4611F3C886C13C5 /* Frameworks */,
			);
			sourceTree = "<group>";
		};
		DDBE3BEB1BF9ABD000AC3C99 /* Products */ = {
			isa = PBXGroup;
			children = (
				DDBE3BEA1BF9ABD000AC3C99 /* RingChat.app */,
			);
			name = Products;
			sourceTree = "<group>";
		};
		DDBE3BEC1BF9ABD000AC3C99 /* RingChat */ = {
			isa = PBXGroup;
			children = (
				DD02C15D1BFAB75B0030AFBC /* Common */,
				DDBE3C011BF9ABE300AC3C99 /* Model */,
				DDBE3C051BF9B39700AC3C99 /* View */,
				DDBE3C021BF9ABFC00AC3C99 /* Controller */,
				DDBE3C061BF9B43200AC3C99 /* Support */,
				DD5A971B1BFDA3FF00F8027C /* OpenSource */,
				DDBE3BED1BF9ABD000AC3C99 /* AppDelegate.swift */,
				DDBE3BFB1BF9ABD000AC3C99 /* Info.plist */,
			);
			path = RingChat;
			sourceTree = "<group>";
		};
		DDBE3C011BF9ABE300AC3C99 /* Model */ = {
			isa = PBXGroup;
			children = (
				DDC389311C155EF100F8F520 /* StoryListModel.swift */,
				DD78A0711BFC7294002615F8 /* ArticleListModel.swift */,
				DDE8171A1C02E89E00CADF77 /* StoryModel.swift */,
			);
			path = Model;
			sourceTree = "<group>";
		};
		DDBE3C021BF9ABFC00AC3C99 /* Controller */ = {
			isa = PBXGroup;
			children = (
				DD78A0651BFC13F1002615F8 /* LaunchVC */,
				DD78A0731BFC8317002615F8 /* StoryListVC */,
				DDE817151C02E76A00CADF77 /* StoryDetail */,
			);
			path = Controller;
			sourceTree = "<group>";
		};
		DDBE3C051BF9B39700AC3C99 /* View */ = {
			isa = PBXGroup;
			children = (
				DDBE3BF31BF9ABD000AC3C99 /* Main.storyboard */,
			);
			path = View;
			sourceTree = "<group>";
		};
		DDBE3C061BF9B43200AC3C99 /* Support */ = {
			isa = PBXGroup;
			children = (
				DDBE3BF81BF9ABD000AC3C99 /* LaunchScreen.storyboard */,
				DDBE3C081BF9B51300AC3C99 /* RingChat-Bridging-Header.h */,
				DD78A06F1BFC6EA9002615F8 /* GlobalDefinition.swift */,
			);
			path = Support;
			sourceTree = "<group>";
		};
		DDE817151C02E76A00CADF77 /* StoryDetail */ = {
			isa = PBXGroup;
			children = (
				DDE817161C02E7A700CADF77 /* StoryDetailVC.swift */,
				DDE817171C02E7A700CADF77 /* StoryDetailVC.xib */,
			);
			path = StoryDetail;
			sourceTree = "<group>";
		};
		F9C0FC15F4611F3C886C13C5 /* Frameworks */ = {
			isa = PBXGroup;
			children = (
				DDCFE9591C03126B00222212 /* Reveal.framework */,
				B5B7AC75850533398454D33B /* Pods_RingChat.framework */,
			);
			name = Frameworks;
			sourceTree = "<group>";
		};
/* End PBXGroup section */

/* Begin PBXNativeTarget section */
		DDBE3BE91BF9ABD000AC3C99 /* RingChat */ = {
			isa = PBXNativeTarget;
			buildConfigurationList = DDBE3BFE1BF9ABD000AC3C99 /* Build configuration list for PBXNativeTarget "RingChat" */;
			buildPhases = (
				06C3FEB95A0AF3469A53C752 /* Check Pods Manifest.lock */,
				DDBE3BE61BF9ABD000AC3C99 /* Sources */,
				DDBE3BE71BF9ABD000AC3C99 /* Frameworks */,
				DDBE3BE81BF9ABD000AC3C99 /* Resources */,
				2B4CDA611FAB7AD2303024FB /* Embed Pods Frameworks */,
				CC215BD96F2409BC3F8D3257 /* Copy Pods Resources */,
			);
			buildRules = (
			);
			dependencies = (
			);
			name = RingChat;
			productName = RingChat;
			productReference = DDBE3BEA1BF9ABD000AC3C99 /* RingChat.app */;
			productType = "com.apple.product-type.application";
		};
/* End PBXNativeTarget section */

/* Begin PBXProject section */
		DDBE3BE21BF9ABD000AC3C99 /* Project object */ = {
			isa = PBXProject;
			attributes = {
				LastSwiftUpdateCheck = 0710;
				LastUpgradeCheck = 0710;
				ORGANIZATIONNAME = Akring;
				TargetAttributes = {
					DDBE3BE91BF9ABD000AC3C99 = {
						CreatedOnToolsVersion = 7.1.1;
					};
				};
			};
			buildConfigurationList = DDBE3BE51BF9ABD000AC3C99 /* Build configuration list for PBXProject "RingChat" */;
			compatibilityVersion = "Xcode 3.2";
			developmentRegion = English;
			hasScannedForEncodings = 0;
			knownRegions = (
				en,
				Base,
			);
			mainGroup = DDBE3BE11BF9ABD000AC3C99;
			productRefGroup = DDBE3BEB1BF9ABD000AC3C99 /* Products */;
			projectDirPath = "";
			projectRoot = "";
			targets = (
				DDBE3BE91BF9ABD000AC3C99 /* RingChat */,
			);
		};
/* End PBXProject section */

/* Begin PBXResourcesBuildPhase section */
		DDBE3BE81BF9ABD000AC3C99 /* Resources */ = {
			isa = PBXResourcesBuildPhase;
			buildActionMask = 2147483647;
			files = (
				DDBE3BFA1BF9ABD000AC3C99 /* LaunchScreen.storyboard in Resources */,
				DD5A973D1BFDBC5100F8027C /* Assets.xcassets in Resources */,
				DDBE3BF51BF9ABD000AC3C99 /* Main.storyboard in Resources */,
				DDE817191C02E7A700CADF77 /* StoryDetailVC.xib in Resources */,
			);
			runOnlyForDeploymentPostprocessing = 0;
		};
/* End PBXResourcesBuildPhase section */

/* Begin PBXShellScriptBuildPhase section */
		06C3FEB95A0AF3469A53C752 /* Check Pods Manifest.lock */ = {
			isa = PBXShellScriptBuildPhase;
			buildActionMask = 2147483647;
			files = (
			);
			inputPaths = (
			);
			name = "Check Pods Manifest.lock";
			outputPaths = (
			);
			runOnlyForDeploymentPostprocessing = 0;
			shellPath = /bin/sh;
			shellScript = "diff \"${PODS_ROOT}/../Podfile.lock\" \"${PODS_ROOT}/Manifest.lock\" > /dev/null\nif [[ $? != 0 ]] ; then\n    cat << EOM\nerror: The sandbox is not in sync with the Podfile.lock. Run 'pod install' or update your CocoaPods installation.\nEOM\n    exit 1\nfi\n";
			showEnvVarsInLog = 0;
		};
		2B4CDA611FAB7AD2303024FB /* Embed Pods Frameworks */ = {
			isa = PBXShellScriptBuildPhase;
			buildActionMask = 2147483647;
			files = (
			);
			inputPaths = (
			);
			name = "Embed Pods Frameworks";
			outputPaths = (
			);
			runOnlyForDeploymentPostprocessing = 0;
			shellPath = /bin/sh;
			shellScript = "\"${SRCROOT}/Pods/Target Support Files/Pods-RingChat/Pods-RingChat-frameworks.sh\"\n";
			showEnvVarsInLog = 0;
		};
		CC215BD96F2409BC3F8D3257 /* Copy Pods Resources */ = {
			isa = PBXShellScriptBuildPhase;
			buildActionMask = 2147483647;
			files = (
			);
			inputPaths = (
			);
			name = "Copy Pods Resources";
			outputPaths = (
			);
			runOnlyForDeploymentPostprocessing = 0;
			shellPath = /bin/sh;
			shellScript = "\"${SRCROOT}/Pods/Target Support Files/Pods-RingChat/Pods-RingChat-resources.sh\"\n";
			showEnvVarsInLog = 0;
		};
/* End PBXShellScriptBuildPhase section */

/* Begin PBXSourcesBuildPhase section */
		DDBE3BE61BF9ABD000AC3C99 /* Sources */ = {
			isa = PBXSourcesBuildPhase;
			buildActionMask = 2147483647;
			files = (
				DD78A06C1BFC630C002615F8 /* Utils.swift in Sources */,
				DD78D7051BFCD6C700C73A19 /* CacheManager.swift in Sources */,
				DDBE3BEE1BF9ABD000AC3C99 /* AppDelegate.swift in Sources */,
				DD78A0681BFC146B002615F8 /* LaunchVC.swift in Sources */,
				DD62D6671C043243009B2CFC /* LikeButton.swift in Sources */,
				DD5A97251BFDA4A300F8027C /* DGElasticPullToRefreshLoadingViewCircle.swift in Sources */,
				DD78A0751BFC8354002615F8 /* StoryListCell.swift in Sources */,
				DD5A97231BFDA4A300F8027C /* DGElasticPullToRefreshExtensions.swift in Sources */,
				DD78A0701BFC6EA9002615F8 /* GlobalDefinition.swift in Sources */,
				DDBE3C041BF9B32A00AC3C99 /* MainVC.swift in Sources */,
				DD5A97241BFDA4A300F8027C /* DGElasticPullToRefreshLoadingView.swift in Sources */,
				DD5A97261BFDA4A300F8027C /* DGElasticPullToRefreshView.swift in Sources */,
				DD47AF2F1BFD5C1D00EAC1ED /* NetworkKit.swift in Sources */,
				DDC389321C155EF100F8F520 /* StoryListModel.swift in Sources */,
				DD5A97221BFDA4A300F8027C /* DGElasticPullToRefreshConstants.swift in Sources */,
				DD02C1601BFAB83A0030AFBC /* BaseViewController.swift in Sources */,
				DD47AF311BFD5CF900EAC1ED /* Reach.swift in Sources */,
				DDE8171B1C02E89E00CADF77 /* StoryModel.swift in Sources */,
				DDE817181C02E7A700CADF77 /* StoryDetailVC.swift in Sources */,
				DD78A0721BFC7294002615F8 /* ArticleListModel.swift in Sources */,
			);
			runOnlyForDeploymentPostprocessing = 0;
		};
/* End PBXSourcesBuildPhase section */

/* Begin PBXVariantGroup section */
		DDBE3BF31BF9ABD000AC3C99 /* Main.storyboard */ = {
			isa = PBXVariantGroup;
			children = (
				DDBE3BF41BF9ABD000AC3C99 /* Base */,
				DDD77B261BF9E516000D5CE2 /* zh-Hans */,
			);
			name = Main.storyboard;
			path = ..;
			sourceTree = "<group>";
		};
		DDBE3BF81BF9ABD000AC3C99 /* LaunchScreen.storyboard */ = {
			isa = PBXVariantGroup;
			children = (
				DDBE3BF91BF9ABD000AC3C99 /* Base */,
				DDD77B271BF9E516000D5CE2 /* zh-Hans */,
			);
			name = LaunchScreen.storyboard;
			path = ..;
			sourceTree = "<group>";
		};
/* End PBXVariantGroup section */

/* Begin XCBuildConfiguration section */
		DDBE3BFC1BF9ABD000AC3C99 /* Debug */ = {
			isa = XCBuildConfiguration;
			buildSettings = {
				ALWAYS_SEARCH_USER_PATHS = NO;
				CLANG_CXX_LANGUAGE_STANDARD = "gnu++0x";
				CLANG_CXX_LIBRARY = "libc++";
				CLANG_ENABLE_MODULES = YES;
				CLANG_ENABLE_OBJC_ARC = YES;
				CLANG_WARN_BOOL_CONVERSION = YES;
				CLANG_WARN_CONSTANT_CONVERSION = YES;
				CLANG_WARN_DIRECT_OBJC_ISA_USAGE = YES_ERROR;
				CLANG_WARN_EMPTY_BODY = YES;
				CLANG_WARN_ENUM_CONVERSION = YES;
				CLANG_WARN_INT_CONVERSION = YES;
				CLANG_WARN_OBJC_ROOT_CLASS = YES_ERROR;
				CLANG_WARN_UNREACHABLE_CODE = YES;
				CLANG_WARN__DUPLICATE_METHOD_MATCH = YES;
				"CODE_SIGN_IDENTITY[sdk=iphoneos*]" = "iPhone Developer";
				COPY_PHASE_STRIP = NO;
				DEBUG_INFORMATION_FORMAT = dwarf;
				ENABLE_STRICT_OBJC_MSGSEND = YES;
				ENABLE_TESTABILITY = YES;
				GCC_C_LANGUAGE_STANDARD = gnu99;
				GCC_DYNAMIC_NO_PIC = NO;
				GCC_NO_COMMON_BLOCKS = YES;
				GCC_OPTIMIZATION_LEVEL = 0;
				GCC_PREPROCESSOR_DEFINITIONS = (
					"DEBUG=1",
					"$(inherited)",
				);
				GCC_WARN_64_TO_32_BIT_CONVERSION = YES;
				GCC_WARN_ABOUT_RETURN_TYPE = YES_ERROR;
				GCC_WARN_UNDECLARED_SELECTOR = YES;
				GCC_WARN_UNINITIALIZED_AUTOS = YES_AGGRESSIVE;
				GCC_WARN_UNUSED_FUNCTION = YES;
				GCC_WARN_UNUSED_VARIABLE = YES;
				IPHONEOS_DEPLOYMENT_TARGET = 8.0;
				MTL_ENABLE_DEBUG_INFO = YES;
				ONLY_ACTIVE_ARCH = YES;
				SDKROOT = iphoneos;
				SWIFT_OPTIMIZATION_LEVEL = "-Onone";
			};
			name = Debug;
		};
		DDBE3BFD1BF9ABD000AC3C99 /* Release */ = {
			isa = XCBuildConfiguration;
			buildSettings = {
				ALWAYS_SEARCH_USER_PATHS = NO;
				CLANG_CXX_LANGUAGE_STANDARD = "gnu++0x";
				CLANG_CXX_LIBRARY = "libc++";
				CLANG_ENABLE_MODULES = YES;
				CLANG_ENABLE_OBJC_ARC = YES;
				CLANG_WARN_BOOL_CONVERSION = YES;
				CLANG_WARN_CONSTANT_CONVERSION = YES;
				CLANG_WARN_DIRECT_OBJC_ISA_USAGE = YES_ERROR;
				CLANG_WARN_EMPTY_BODY = YES;
				CLANG_WARN_ENUM_CONVERSION = YES;
				CLANG_WARN_INT_CONVERSION = YES;
				CLANG_WARN_OBJC_ROOT_CLASS = YES_ERROR;
				CLANG_WARN_UNREACHABLE_CODE = YES;
				CLANG_WARN__DUPLICATE_METHOD_MATCH = YES;
				"CODE_SIGN_IDENTITY[sdk=iphoneos*]" = "iPhone Developer";
				COPY_PHASE_STRIP = NO;
				DEBUG_INFORMATION_FORMAT = "dwarf-with-dsym";
				ENABLE_NS_ASSERTIONS = NO;
				ENABLE_STRICT_OBJC_MSGSEND = YES;
				GCC_C_LANGUAGE_STANDARD = gnu99;
				GCC_NO_COMMON_BLOCKS = YES;
				GCC_WARN_64_TO_32_BIT_CONVERSION = YES;
				GCC_WARN_ABOUT_RETURN_TYPE = YES_ERROR;
				GCC_WARN_UNDECLARED_SELECTOR = YES;
				GCC_WARN_UNINITIALIZED_AUTOS = YES_AGGRESSIVE;
				GCC_WARN_UNUSED_FUNCTION = YES;
				GCC_WARN_UNUSED_VARIABLE = YES;
				IPHONEOS_DEPLOYMENT_TARGET = 8.0;
				MTL_ENABLE_DEBUG_INFO = NO;
				SDKROOT = iphoneos;
				VALIDATE_PRODUCT = YES;
			};
			name = Release;
		};
		DDBE3BFF1BF9ABD000AC3C99 /* Debug */ = {
			isa = XCBuildConfiguration;
			baseConfigurationReference = D673371844D8CEFEF8B04D6A /* Pods-RingChat.debug.xcconfig */;
			buildSettings = {
				ASSETCATALOG_COMPILER_APPICON_NAME = AppIcon;
				CLANG_ENABLE_MODULES = YES;
				FRAMEWORK_SEARCH_PATHS = (
					"$(inherited)",
					"$(PROJECT_DIR)",
				);
				GCC_PRECOMPILE_PREFIX_HEADER = NO;
				GCC_PREFIX_HEADER = "";
				INFOPLIST_FILE = RingChat/Info.plist;
				IPHONEOS_DEPLOYMENT_TARGET = 8.0;
				LD_RUNPATH_SEARCH_PATHS = "$(inherited) @executable_path/Frameworks";
				PRODUCT_BUNDLE_IDENTIFIER = com.akring.RingChat;
				PRODUCT_NAME = "$(TARGET_NAME)";
				SWIFT_OBJC_BRIDGING_HEADER = "RingChat/Support/RingChat-Bridging-Header.h";
				SWIFT_OPTIMIZATION_LEVEL = "-Onone";
			};
			name = Debug;
		};
		DDBE3C001BF9ABD000AC3C99 /* Release */ = {
			isa = XCBuildConfiguration;
			baseConfigurationReference = AF3480D178EF4BA00248703D /* Pods-RingChat.release.xcconfig */;
			buildSettings = {
				ASSETCATALOG_COMPILER_APPICON_NAME = AppIcon;
				CLANG_ENABLE_MODULES = YES;
				FRAMEWORK_SEARCH_PATHS = (
					"$(inherited)",
					"$(PROJECT_DIR)",
				);
				GCC_PRECOMPILE_PREFIX_HEADER = NO;
				GCC_PREFIX_HEADER = "";
				INFOPLIST_FILE = RingChat/Info.plist;
				IPHONEOS_DEPLOYMENT_TARGET = 8.0;
				LD_RUNPATH_SEARCH_PATHS = "$(inherited) @executable_path/Frameworks";
				PRODUCT_BUNDLE_IDENTIFIER = com.akring.RingChat;
				PRODUCT_NAME = "$(TARGET_NAME)";
				SWIFT_OBJC_BRIDGING_HEADER = "RingChat/Support/RingChat-Bridging-Header.h";
			};
			name = Release;
		};
/* End XCBuildConfiguration section */

/* Begin XCConfigurationList section */
		DDBE3BE51BF9ABD000AC3C99 /* Build configuration list for PBXProject "RingChat" */ = {
			isa = XCConfigurationList;
			buildConfigurations = (
				DDBE3BFC1BF9ABD000AC3C99 /* Debug */,
				DDBE3BFD1BF9ABD000AC3C99 /* Release */,
			);
			defaultConfigurationIsVisible = 0;
			defaultConfigurationName = Release;
		};
		DDBE3BFE1BF9ABD000AC3C99 /* Build configuration list for PBXNativeTarget "RingChat" */ = {
			isa = XCConfigurationList;
			buildConfigurations = (
				DDBE3BFF1BF9ABD000AC3C99 /* Debug */,
				DDBE3C001BF9ABD000AC3C99 /* Release */,
			);
			defaultConfigurationIsVisible = 0;
			defaultConfigurationName = Release;
		};
/* End XCConfigurationList section */
	};
	rootObject = DDBE3BE21BF9ABD000AC3C99 /* Project object */;
}
